
Microsoft Visual Studio Solution File, Format Version 12.00
# Visual Studio 14
VisualStudioVersion = 14.0.25420.1
MinimumVisualStudioVersion = 10.0.40219.1
Project("{E24C65DC-7377-472B-9ABA-BC803B73C61A}") = "website", "website\", "{2FE6D272-E35E-4127-B4DE-8A521AEFEF52}"
	ProjectSection(WebsiteProperties) = preProject
		TargetFrameworkMoniker = ".NETFramework,Version%3Dv4.6.1"
		ProjectReferences = "{159a837e-df0b-4ea1-8581-ec4f20bc0cdc}|Mstc.Core.dll;"
		Debug.AspNetCompiler.VirtualPath = "/website"
		Debug.AspNetCompiler.PhysicalPath = "website\"
		Release.AspNetCompiler.VirtualPath = "/website"
		Release.AspNetCompiler.PhysicalPath = "website\"
		VWDPort = "56635"
		VWDVirtualPath = "/"
	EndProjectSection
EndProject
Project("{FAE04EC0-301F-11D3-BF4B-00C04F79EFBC}") = "Mstc.Core", "Mstc.Core\Mstc.Core.csproj", "{159A837E-DF0B-4EA1-8581-EC4F20BC0CDC}"
EndProject
Project("{FAE04EC0-301F-11D3-BF4B-00C04F79EFBC}") = "Mstc.Tests", "Mstc.Tests\Mstc.Tests.csproj", "{C3B8AD54-4ED5-4EF2-B402-452B86A714C3}"
EndProject
Global
	GlobalSection(SolutionConfigurationPlatforms) = preSolution
		Debug|Any CPU = Debug|Any CPU
		Release|Any CPU = Release|Any CPU
	EndGlobalSection
	GlobalSection(ProjectConfigurationPlatforms) = postSolution
		{2FE6D272-E35E-4127-B4DE-8A521AEFEF52}.Debug|Any CPU.ActiveCfg = Debug|Any CPU
		{2FE6D272-E35E-4127-B4DE-8A521AEFEF52}.Debug|Any CPU.Build.0 = Debug|Any CPU
		{2FE6D272-E35E-4127-B4DE-8A521AEFEF52}.Release|Any CPU.ActiveCfg = Debug|Any CPU
		{2FE6D272-E35E-4127-B4DE-8A521AEFEF52}.Release|Any CPU.Build.0 = Debug|Any CPU
		{159A837E-DF0B-4EA1-8581-EC4F20BC0CDC}.Debug|Any CPU.ActiveCfg = Debug|Any CPU
		{159A837E-DF0B-4EA1-8581-EC4F20BC0CDC}.Debug|Any CPU.Build.0 = Debug|Any CPU
		{159A837E-DF0B-4EA1-8581-EC4F20BC0CDC}.Release|Any CPU.ActiveCfg = Release|Any CPU
		{159A837E-DF0B-4EA1-8581-EC4F20BC0CDC}.Release|Any CPU.Build.0 = Release|Any CPU
		{C3B8AD54-4ED5-4EF2-B402-452B86A714C3}.Debug|Any CPU.ActiveCfg = Debug|Any CPU
		{C3B8AD54-4ED5-4EF2-B402-452B86A714C3}.Debug|Any CPU.Build.0 = Debug|Any CPU
		{C3B8AD54-4ED5-4EF2-B402-452B86A714C3}.Release|Any CPU.ActiveCfg = Release|Any CPU
		{C3B8AD54-4ED5-4EF2-B402-452B86A714C3}.Release|Any CPU.Build.0 = Release|Any CPU
	EndGlobalSection
	GlobalSection(SolutionProperties) = preSolution
		HideSolutionNode = FALSE
	EndGlobalSection
EndGlobal
